<?xml version="1.0" encoding="utf-8"?>
<Project ToolsVersion="4.0" xmlns="http://schemas.microsoft.com/developer/msbuild/2003">
  <ItemGroup>
    <Filter Include="소스 파일">
      <UniqueIdentifier>{4FC737F1-C7A5-4376-A066-2A32D752A2FF}</UniqueIdentifier>
      <Extensions>cpp;c;cc;cxx;def;odl;idl;hpj;bat;asm;asmx</Extensions>
    </Filter>
    <Filter Include="헤더 파일">
      <UniqueIdentifier>{93995380-89BD-4b04-88EB-625FBE52EBFB}</UniqueIdentifier>
      <Extensions>h;hh;hpp;hxx;hm;inl;inc;ipp;xsd</Extensions>
    </Filter>
    <Filter Include="2DFramework">
      <UniqueIdentifier>{771b621e-ae3b-474c-b610-ddc16a0a360f}</UniqueIdentifier>
    </Filter>
    <Filter Include="2DFramework\singletonBase">
      <UniqueIdentifier>{39a0cede-90e4-4e9a-bd8c-8466c02fcc50}</UniqueIdentifier>
    </Filter>
    <Filter Include="PlayGround">
      <UniqueIdentifier>{e37d5369-ec86-4a52-8402-8a314525fb73}</UniqueIdentifier>
    </Filter>
    <Filter Include="2DFramework\Manager">
      <UniqueIdentifier>{793f1ed7-4eab-4a98-beb1-b6c6e0c4a84d}</UniqueIdentifier>
    </Filter>
    <Filter Include="2DFramework\image">
      <UniqueIdentifier>{c62ccf59-8b92-4322-a311-2b974dd6a54c}</UniqueIdentifier>
    </Filter>
    <Filter Include="리소스 파일">
      <UniqueIdentifier>{67DA6AB6-F800-4c08-8B7A-83BB121AAD01}</UniqueIdentifier>
      <Extensions>rc;ico;cur;bmp;dlg;rc2;rct;bin;rgs;gif;jpg;jpeg;jpe;resx;tiff;tif;png;wav;mfcribbon-ms</Extensions>
    </Filter>
    <Filter Include="2DFramework\progressBar">
      <UniqueIdentifier>{131d8384-2305-4f91-9eb9-416cbfaa3e49}</UniqueIdentifier>
    </Filter>
    <Filter Include="2DFramework\txtData">
      <UniqueIdentifier>{6c3fff83-36d5-4a78-bb15-86d79f2ca639}</UniqueIdentifier>
    </Filter>
    <Filter Include="2DFramework\Timer">
      <UniqueIdentifier>{72124606-8050-45c3-ae12-ed9db2dbbe34}</UniqueIdentifier>
    </Filter>
    <Filter Include="2DFramework\animation">
      <UniqueIdentifier>{514037f8-8d44-4576-bf4f-edde874f8e40}</UniqueIdentifier>
    </Filter>
    <Filter Include="2DFramework\effect">
      <UniqueIdentifier>{5a079868-c63d-448c-ad91-e3529a2f0702}</UniqueIdentifier>
    </Filter>
    <Filter Include="2DFramework\button">
      <UniqueIdentifier>{da32caab-0f28-47e9-aacd-ff92bf32a846}</UniqueIdentifier>
    </Filter>
    <Filter Include="2DFramework\action">
      <UniqueIdentifier>{29ce7e2b-17af-439c-a519-f3ca2bf12ff1}</UniqueIdentifier>
    </Filter>
    <Filter Include="PlayGround\map">
      <UniqueIdentifier>{bd2d1551-957f-4d82-ab0b-f79e6901650b}</UniqueIdentifier>
    </Filter>
    <Filter Include="2DFramework\Astar">
      <UniqueIdentifier>{b138a597-909f-472c-9327-199aecf80f8d}</UniqueIdentifier>
    </Filter>
    <Filter Include="PlayGround\Scene">
      <UniqueIdentifier>{8b170f82-b69e-4865-9700-0c8169e747c0}</UniqueIdentifier>
    </Filter>
    <Filter Include="PlayGround\Scene\stage">
      <UniqueIdentifier>{5e6a1754-9a1a-4972-b92d-9fd776d49e44}</UniqueIdentifier>
    </Filter>
    <Filter Include="PlayGround\Scene\mapedit">
      <UniqueIdentifier>{80026794-264f-4b98-bca4-562a4c7dd489}</UniqueIdentifier>
    </Filter>
    <Filter Include="PlayGround\player">
      <UniqueIdentifier>{542a0739-2cf5-4e8e-8fc9-34ab102babaa}</UniqueIdentifier>
    </Filter>
    <Filter Include="PlayGround\Scene\MinTest">
      <UniqueIdentifier>{09571b50-dd5b-4306-87b8-5a5cbd07b222}</UniqueIdentifier>
    </Filter>
    <Filter Include="PlayGround\player\state">
      <UniqueIdentifier>{2d24587c-d3c1-4f86-b415-a0e0ef23da3f}</UniqueIdentifier>
    </Filter>
    <Filter Include="PlayGround\player\state\statecpp">
      <UniqueIdentifier>{15cccabf-5e84-45c7-84f0-22e608380a36}</UniqueIdentifier>
    </Filter>
    <Filter Include="PlayGround\enemy">
      <UniqueIdentifier>{590ac659-54e4-445b-bf7e-5365e70913da}</UniqueIdentifier>
    </Filter>
    <Filter Include="PlayGround\skill">
      <UniqueIdentifier>{c551e42c-d8ca-40de-8204-d7aaf2cb6656}</UniqueIdentifier>
    </Filter>
    <Filter Include="PlayGround\effect">
      <UniqueIdentifier>{1d057f68-83b5-45c4-ab38-26df1f528db7}</UniqueIdentifier>
    </Filter>
    <Filter Include="PlayGround\enemy\boss">
      <UniqueIdentifier>{95aa060c-db1d-417e-b1d1-6d024abf7d5f}</UniqueIdentifier>
    </Filter>
    <Filter Include="PlayGround\Scene\bossStage">
      <UniqueIdentifier>{6761e8a9-8732-4010-94ce-9000a8176b5d}</UniqueIdentifier>
    </Filter>
    <Filter Include="PlayGround\magic">
      <UniqueIdentifier>{b34edd63-2f23-4fcf-82e5-f722c6935497}</UniqueIdentifier>
    </Filter>
    <Filter Include="PlayGround\item">
      <UniqueIdentifier>{19a9c94b-48b2-4653-a09a-c9122d756382}</UniqueIdentifier>
    </Filter>
    <Filter Include="PlayGround\Scene\intro">
      <UniqueIdentifier>{c8dd5b90-c637-4313-8c08-c27f7c022fce}</UniqueIdentifier>
    </Filter>
    <Filter Include="PlayGround\Scene\leeTest">
      <UniqueIdentifier>{889bf8fe-39d9-4116-9994-4444611314ce}</UniqueIdentifier>
    </Filter>
    <Filter Include="PlayGround\UI">
      <UniqueIdentifier>{50e06987-9122-424b-8dab-23717715bd09}</UniqueIdentifier>
    </Filter>
    <Filter Include="PlayGround\UI\hpBar">
      <UniqueIdentifier>{79cacc1d-5ce5-4566-b249-673327ff0b92}</UniqueIdentifier>
    </Filter>
    <Filter Include="PlayGround\UI\skillUI">
      <UniqueIdentifier>{8a2909f1-b4ae-47cd-8a71-1c5515efc017}</UniqueIdentifier>
    </Filter>
    <Filter Include="PlayGround\UI\statusUI">
      <UniqueIdentifier>{de1a2301-569c-4f79-9b3f-c7184b9b998a}</UniqueIdentifier>
    </Filter>
    <Filter Include="PlayGround\enemy\enemy">
      <UniqueIdentifier>{fb5e6b37-eea2-46fc-8351-1e68b60a225a}</UniqueIdentifier>
    </Filter>
    <Filter Include="PlayGround\UI\relicsUI">
      <UniqueIdentifier>{ccc9390e-8a81-4716-bf5d-ccc506f6655f}</UniqueIdentifier>
    </Filter>
    <Filter Include="PlayGround\UI\relicsUI\cover">
      <UniqueIdentifier>{a2dc3338-8930-439a-afbb-0e2da97d8036}</UniqueIdentifier>
    </Filter>
    <Filter Include="PlayGround\Scene\bossStage\gameScene">
      <UniqueIdentifier>{b3f8dc85-5f75-4ebc-9f6b-c4ce89993a5e}</UniqueIdentifier>
    </Filter>
  </ItemGroup>
  <ItemGroup>
    <ClInclude Include="stdafx.h">
      <Filter>헤더 파일</Filter>
    </ClInclude>
    <ClInclude Include="targetver.h">
      <Filter>헤더 파일</Filter>
    </ClInclude>
    <ClInclude Include="Resource.h">
      <Filter>헤더 파일</Filter>
    </ClInclude>
    <ClInclude Include="commonMacroFunction.h">
      <Filter>헤더 파일</Filter>
    </ClInclude>
    <ClInclude Include="singletonBase.h">
      <Filter>2DFramework\singletonBase</Filter>
    </ClInclude>
    <ClInclude Include="randomFunction.h">
      <Filter>헤더 파일</Filter>
    </ClInclude>
    <ClInclude Include="playGround.h">
      <Filter>PlayGround</Filter>
    </ClInclude>
    <ClInclude Include="keyManager.h">
      <Filter>2DFramework\Manager</Filter>
    </ClInclude>
    <ClInclude Include="image.h">
      <Filter>2DFramework\image</Filter>
    </ClInclude>
    <ClInclude Include="utils.h">
      <Filter>2DFramework\Manager</Filter>
    </ClInclude>
    <ClInclude Include="imageManager.h">
      <Filter>2DFramework\Manager</Filter>
    </ClInclude>
    <ClInclude Include="progressBar.h">
      <Filter>2DFramework\progressBar</Filter>
    </ClInclude>
    <ClInclude Include="txtData.h">
      <Filter>2DFramework\txtData</Filter>
    </ClInclude>
    <ClInclude Include="timer.h">
      <Filter>2DFramework\Timer</Filter>
    </ClInclude>
    <ClInclude Include="timeManager.h">
      <Filter>2DFramework\Manager</Filter>
    </ClInclude>
    <ClInclude Include="animation.h">
      <Filter>2DFramework\animation</Filter>
    </ClInclude>
    <ClInclude Include="effect.h">
      <Filter>2DFramework\effect</Filter>
    </ClInclude>
    <ClInclude Include="effectManager.h">
      <Filter>2DFramework\Manager</Filter>
    </ClInclude>
    <ClInclude Include="iniDataManager.h">
      <Filter>2DFramework\Manager</Filter>
    </ClInclude>
    <ClInclude Include="soundManager.h">
      <Filter>2DFramework\Manager</Filter>
    </ClInclude>
    <ClInclude Include="sceneManager.h">
      <Filter>2DFramework\Manager</Filter>
    </ClInclude>
    <ClInclude Include="gameNode.h">
      <Filter>2DFramework</Filter>
    </ClInclude>
    <ClInclude Include="button.h">
      <Filter>2DFramework\button</Filter>
    </ClInclude>
    <ClInclude Include="action.h">
      <Filter>2DFramework\action</Filter>
    </ClInclude>
    <ClInclude Include="keyAniManager.h">
      <Filter>2DFramework\Manager</Filter>
    </ClInclude>
    <ClInclude Include="mapTool.h">
      <Filter>PlayGround\map</Filter>
    </ClInclude>
    <ClInclude Include="tile.h">
      <Filter>PlayGround\map</Filter>
    </ClInclude>
    <ClInclude Include="camera.h">
      <Filter>PlayGround</Filter>
    </ClInclude>
    <ClInclude Include="aStar.h">
      <Filter>2DFramework\Astar</Filter>
    </ClInclude>
    <ClInclude Include="map.h">
      <Filter>PlayGround\map</Filter>
    </ClInclude>
    <ClInclude Include="object.h">
      <Filter>PlayGround</Filter>
    </ClInclude>
    <ClInclude Include="stageScene.h">
      <Filter>PlayGround\Scene\stage</Filter>
    </ClInclude>
    <ClInclude Include="mapEdit.h">
      <Filter>PlayGround\Scene\mapedit</Filter>
    </ClInclude>
    <ClInclude Include="player.h">
      <Filter>PlayGround\player</Filter>
    </ClInclude>
    <ClInclude Include="minTest.h">
      <Filter>PlayGround\Scene\MinTest</Filter>
    </ClInclude>
    <ClInclude Include="FrameWork.h">
      <Filter>헤더 파일</Filter>
    </ClInclude>
    <ClInclude Include="state.h">
      <Filter>PlayGround\player\state</Filter>
    </ClInclude>
    <ClInclude Include="stateIdle.h">
      <Filter>PlayGround\player\state</Filter>
    </ClInclude>
    <ClInclude Include="stateRun.h">
      <Filter>PlayGround\player\state</Filter>
    </ClInclude>
    <ClInclude Include="stateDash.h">
      <Filter>PlayGround\player\state</Filter>
    </ClInclude>
    <ClInclude Include="stateSkillOne.h">
      <Filter>PlayGround\player\state</Filter>
    </ClInclude>
    <ClInclude Include="stateSkillTwo.h">
      <Filter>PlayGround\player\state</Filter>
    </ClInclude>
    <ClInclude Include="stateSkillThree.h">
      <Filter>PlayGround\player\state</Filter>
    </ClInclude>
    <ClInclude Include="stateSkillFour.h">
      <Filter>PlayGround\player\state</Filter>
    </ClInclude>
    <ClInclude Include="stateDamage.h">
      <Filter>PlayGround\player\state</Filter>
    </ClInclude>
    <ClInclude Include="stateDeath.h">
      <Filter>PlayGround\player\state</Filter>
    </ClInclude>
    <ClInclude Include="circleEffect.h">
      <Filter>PlayGround\player</Filter>
    </ClInclude>
    <ClInclude Include="skillEffect.h">
      <Filter>PlayGround\effect</Filter>
    </ClInclude>
    <ClInclude Include="skillEffectMgr.h">
      <Filter>PlayGround\effect</Filter>
    </ClInclude>
    <ClInclude Include="boss.h">
      <Filter>PlayGround\enemy\boss</Filter>
    </ClInclude>
    <ClInclude Include="BossState.h">
      <Filter>PlayGround\enemy\boss</Filter>
    </ClInclude>
    <ClInclude Include="BossStateIdle.h">
      <Filter>PlayGround\enemy\boss</Filter>
    </ClInclude>
    <ClInclude Include="BossStageScene.h">
      <Filter>PlayGround\Scene\bossStage</Filter>
    </ClInclude>
    <ClInclude Include="magic.h">
      <Filter>PlayGround\magic</Filter>
    </ClInclude>
    <ClInclude Include="magicMgr.h">
      <Filter>PlayGround\magic</Filter>
    </ClInclude>
    <ClInclude Include="skill.h">
      <Filter>PlayGround\skill</Filter>
    </ClInclude>
    <ClInclude Include="fireDash.h">
      <Filter>PlayGround\skill</Filter>
    </ClInclude>
    <ClInclude Include="itemManager.h">
      <Filter>PlayGround\item</Filter>
    </ClInclude>
    <ClInclude Include="item.h">
      <Filter>PlayGround\item</Filter>
    </ClInclude>
    <ClInclude Include="introScene.h">
      <Filter>PlayGround\Scene\intro</Filter>
    </ClInclude>
    <ClInclude Include="leeTest.h">
      <Filter>PlayGround\Scene\leeTest</Filter>
    </ClInclude>
    <ClInclude Include="UI.h">
      <Filter>PlayGround\UI</Filter>
    </ClInclude>
    <ClInclude Include="goldHD.h">
      <Filter>PlayGround\UI</Filter>
    </ClInclude>
    <ClInclude Include="numbers.h">
      <Filter>PlayGround\UI</Filter>
    </ClInclude>
    <ClInclude Include="BossStateDamage.h">
      <Filter>PlayGround\enemy\boss</Filter>
    </ClInclude>
    <ClInclude Include="BossStateDeath.h">
      <Filter>PlayGround\enemy\boss</Filter>
    </ClInclude>
    <ClInclude Include="BossStateRun.h">
      <Filter>PlayGround\enemy\boss</Filter>
    </ClInclude>
    <ClInclude Include="BossStateSkill01.h">
      <Filter>PlayGround\enemy\boss</Filter>
    </ClInclude>
    <ClInclude Include="BossStateSkill02.h">
      <Filter>PlayGround\enemy\boss</Filter>
    </ClInclude>
    <ClInclude Include="BossStateSkill03.h">
      <Filter>PlayGround\enemy\boss</Filter>
    </ClInclude>
    <ClInclude Include="statusUI.h">
      <Filter>PlayGround\UI\statusUI</Filter>
    </ClInclude>
    <ClInclude Include="statusSelect.h">
      <Filter>PlayGround\UI\statusUI</Filter>
    </ClInclude>
    <ClInclude Include="statusBox.h">
      <Filter>PlayGround\UI\statusUI</Filter>
    </ClInclude>
    <ClInclude Include="explainUse.h">
      <Filter>PlayGround\UI\statusUI</Filter>
    </ClInclude>
    <ClInclude Include="skillUI.h">
      <Filter>PlayGround\UI\skillUI</Filter>
    </ClInclude>
    <ClInclude Include="skillButton.h">
      <Filter>PlayGround\UI\skillUI</Filter>
    </ClInclude>
    <ClInclude Include="font.h">
      <Filter>PlayGround\UI\skillUI</Filter>
    </ClInclude>
    <ClInclude Include="skillIcon.h">
      <Filter>PlayGround\UI\skillUI</Filter>
    </ClInclude>
    <ClInclude Include="fireStrike.h">
      <Filter>PlayGround\skill</Filter>
    </ClInclude>
    <ClInclude Include="statusButton.h">
      <Filter>PlayGround\UI\statusUI</Filter>
    </ClInclude>
    <ClInclude Include="skillnone.h">
      <Filter>PlayGround\skill</Filter>
    </ClInclude>
    <ClInclude Include="playerFace.h">
      <Filter>PlayGround\UI</Filter>
    </ClInclude>
    <ClInclude Include="hpBar.h">
      <Filter>PlayGround\UI\hpBar</Filter>
    </ClInclude>
    <ClInclude Include="mpbar.h">
      <Filter>PlayGround\UI\hpBar</Filter>
    </ClInclude>
    <ClInclude Include="shokeNova.h">
      <Filter>PlayGround\skill</Filter>
    </ClInclude>
    <ClInclude Include="skillBox.h">
      <Filter>PlayGround\UI\skillUI</Filter>
    </ClInclude>
    <ClInclude Include="chainLightning.h">
      <Filter>PlayGround\skill</Filter>
    </ClInclude>
    <ClInclude Include="stoneShot.h">
      <Filter>PlayGround\skill</Filter>
    </ClInclude>
    <ClInclude Include="reboundingIcicles.h">
      <Filter>PlayGround\skill</Filter>
    </ClInclude>
    <ClInclude Include="shatteringStrike.h">
      <Filter>PlayGround\skill</Filter>
    </ClInclude>
    <ClInclude Include="glacialCross.h">
      <Filter>PlayGround\skill</Filter>
    </ClInclude>
    <ClInclude Include="stateSkillFive.h">
      <Filter>PlayGround\player\state</Filter>
    </ClInclude>
    <ClInclude Include="Enemy.h">
      <Filter>PlayGround\enemy\enemy</Filter>
    </ClInclude>
    <ClInclude Include="EnemyState.h">
      <Filter>PlayGround\enemy\enemy</Filter>
    </ClInclude>
    <ClInclude Include="relics_Home.h">
      <Filter>PlayGround\UI\relicsUI</Filter>
    </ClInclude>
    <ClInclude Include="relics_Select.h">
      <Filter>PlayGround\UI\relicsUI</Filter>
    </ClInclude>
    <ClInclude Include="relics.h">
      <Filter>PlayGround\UI\relicsUI</Filter>
    </ClInclude>
    <ClInclude Include="relics_Cover.h">
      <Filter>PlayGround\UI\relicsUI\cover</Filter>
    </ClInclude>
    <ClInclude Include="relics_Ring.h">
      <Filter>PlayGround\UI\relicsUI\cover</Filter>
    </ClInclude>
    <ClInclude Include="relics_Type.h">
      <Filter>PlayGround\UI\relicsUI\cover</Filter>
    </ClInclude>
    <ClInclude Include="EnemyStateIdle.h">
      <Filter>PlayGround\enemy\enemy</Filter>
    </ClInclude>
    <ClInclude Include="EnemyStateRun.h">
      <Filter>PlayGround\enemy\enemy</Filter>
    </ClInclude>
    <ClInclude Include="EnemyStateSkill1.h">
      <Filter>PlayGround\enemy\enemy</Filter>
    </ClInclude>
    <ClInclude Include="EnemyStateDeath.h">
      <Filter>PlayGround\enemy\enemy</Filter>
    </ClInclude>
    <ClInclude Include="gameScene.h">
      <Filter>PlayGround\Scene\bossStage\gameScene</Filter>
    </ClInclude>
    <ClInclude Include="opening.h">
      <Filter>PlayGround\Scene\intro</Filter>
    </ClInclude>
    <ClInclude Include="menu.h">
      <Filter>PlayGround\Scene\intro</Filter>
    </ClInclude>
    <ClInclude Include="EnemyStateDamage.h">
      <Filter>헤더 파일</Filter>
    </ClInclude>
  </ItemGroup>
  <ItemGroup>
    <ClCompile Include="stdafx.cpp">
      <Filter>소스 파일</Filter>
    </ClCompile>
    <ClCompile Include="windowsAPI.cpp">
      <Filter>소스 파일</Filter>
    </ClCompile>
    <ClCompile Include="gameNode.cpp">
      <Filter>2DFramework</Filter>
    </ClCompile>
    <ClCompile Include="playGround.cpp">
      <Filter>PlayGround</Filter>
    </ClCompile>
    <ClCompile Include="keyManager.cpp">
      <Filter>2DFramework\Manager</Filter>
    </ClCompile>
    <ClCompile Include="image.cpp">
      <Filter>2DFramework\image</Filter>
    </ClCompile>
    <ClCompile Include="utils.cpp">
      <Filter>2DFramework\Manager</Filter>
    </ClCompile>
    <ClCompile Include="imageManager.cpp">
      <Filter>2DFramework\Manager</Filter>
    </ClCompile>
    <ClCompile Include="progressBar.cpp">
      <Filter>2DFramework\progressBar</Filter>
    </ClCompile>
    <ClCompile Include="txtData.cpp">
      <Filter>2DFramework\txtData</Filter>
    </ClCompile>
    <ClCompile Include="timer.cpp">
      <Filter>2DFramework\Timer</Filter>
    </ClCompile>
    <ClCompile Include="timeManager.cpp">
      <Filter>2DFramework\Manager</Filter>
    </ClCompile>
    <ClCompile Include="animation.cpp">
      <Filter>2DFramework\animation</Filter>
    </ClCompile>
    <ClCompile Include="effect.cpp">
      <Filter>2DFramework\effect</Filter>
    </ClCompile>
    <ClCompile Include="effectManager.cpp">
      <Filter>2DFramework\Manager</Filter>
    </ClCompile>
    <ClCompile Include="iniDataManager.cpp">
      <Filter>2DFramework\Manager</Filter>
    </ClCompile>
    <ClCompile Include="soundManager.cpp">
      <Filter>2DFramework\Manager</Filter>
    </ClCompile>
    <ClCompile Include="sceneManager.cpp">
      <Filter>2DFramework\Manager</Filter>
    </ClCompile>
    <ClCompile Include="button.cpp">
      <Filter>2DFramework\button</Filter>
    </ClCompile>
    <ClCompile Include="action.cpp">
      <Filter>2DFramework\action</Filter>
    </ClCompile>
    <ClCompile Include="keyAniManager.cpp">
      <Filter>2DFramework\Manager</Filter>
    </ClCompile>
    <ClCompile Include="tile.cpp">
      <Filter>PlayGround\map</Filter>
    </ClCompile>
    <ClCompile Include="mapTool.cpp">
      <Filter>PlayGround\map</Filter>
    </ClCompile>
    <ClCompile Include="camera.cpp">
      <Filter>PlayGround</Filter>
    </ClCompile>
    <ClCompile Include="aStar.cpp">
      <Filter>2DFramework\Astar</Filter>
    </ClCompile>
    <ClCompile Include="map.cpp">
      <Filter>PlayGround\map</Filter>
    </ClCompile>
    <ClCompile Include="object.cpp">
      <Filter>PlayGround</Filter>
    </ClCompile>
    <ClCompile Include="stageScene.cpp">
      <Filter>PlayGround\Scene\stage</Filter>
    </ClCompile>
    <ClCompile Include="mapEdit.cpp">
      <Filter>PlayGround\Scene\mapedit</Filter>
    </ClCompile>
    <ClCompile Include="player.cpp">
      <Filter>PlayGround\player</Filter>
    </ClCompile>
    <ClCompile Include="minTest.cpp">
      <Filter>PlayGround\Scene\MinTest</Filter>
    </ClCompile>
    <ClCompile Include="stateDamage.cpp">
      <Filter>PlayGround\player\state\statecpp</Filter>
    </ClCompile>
    <ClCompile Include="stateDash.cpp">
      <Filter>PlayGround\player\state\statecpp</Filter>
    </ClCompile>
    <ClCompile Include="stateDeath.cpp">
      <Filter>PlayGround\player\state\statecpp</Filter>
    </ClCompile>
    <ClCompile Include="stateIdle.cpp">
      <Filter>PlayGround\player\state\statecpp</Filter>
    </ClCompile>
    <ClCompile Include="stateRun.cpp">
      <Filter>PlayGround\player\state\statecpp</Filter>
    </ClCompile>
    <ClCompile Include="stateSkillFour.cpp">
      <Filter>PlayGround\player\state\statecpp</Filter>
    </ClCompile>
    <ClCompile Include="stateSkillOne.cpp">
      <Filter>PlayGround\player\state\statecpp</Filter>
    </ClCompile>
    <ClCompile Include="stateSkillThree.cpp">
      <Filter>PlayGround\player\state\statecpp</Filter>
    </ClCompile>
    <ClCompile Include="stateSkillTwo.cpp">
      <Filter>PlayGround\player\state\statecpp</Filter>
    </ClCompile>
    <ClCompile Include="circleEffect.cpp">
      <Filter>PlayGround\player</Filter>
    </ClCompile>
    <ClCompile Include="skillEffect.cpp">
      <Filter>PlayGround\effect</Filter>
    </ClCompile>
    <ClCompile Include="skillEffectMgr.cpp">
      <Filter>PlayGround\effect</Filter>
    </ClCompile>
    <ClCompile Include="boss.cpp">
      <Filter>PlayGround\enemy\boss</Filter>
    </ClCompile>
    <ClCompile Include="BossStateIdle.cpp">
      <Filter>PlayGround\enemy\boss</Filter>
    </ClCompile>
    <ClCompile Include="BossStageScene.cpp">
      <Filter>PlayGround\Scene\bossStage</Filter>
    </ClCompile>
    <ClCompile Include="magic.cpp">
      <Filter>PlayGround\magic</Filter>
    </ClCompile>
    <ClCompile Include="magicMgr.cpp">
      <Filter>PlayGround\magic</Filter>
    </ClCompile>
    <ClCompile Include="skill.cpp">
      <Filter>PlayGround\skill</Filter>
    </ClCompile>
    <ClCompile Include="fireDash.cpp">
      <Filter>PlayGround\skill</Filter>
    </ClCompile>
    <ClCompile Include="itemManager.cpp">
      <Filter>PlayGround\item</Filter>
    </ClCompile>
    <ClCompile Include="item.cpp">
      <Filter>PlayGround\item</Filter>
    </ClCompile>
    <ClCompile Include="introScene.cpp">
      <Filter>PlayGround\Scene\intro</Filter>
    </ClCompile>
    <ClCompile Include="leeTest.cpp">
      <Filter>PlayGround\Scene\leeTest</Filter>
    </ClCompile>
    <ClCompile Include="UI.cpp">
      <Filter>PlayGround\UI</Filter>
    </ClCompile>
    <ClCompile Include="goldHD.cpp">
      <Filter>PlayGround\UI</Filter>
    </ClCompile>
    <ClCompile Include="numbers.cpp">
      <Filter>PlayGround\UI</Filter>
    </ClCompile>
    <ClCompile Include="BossStateDamage.cpp">
      <Filter>PlayGround\enemy\boss</Filter>
    </ClCompile>
    <ClCompile Include="BossStateDeath.cpp">
      <Filter>PlayGround\enemy\boss</Filter>
    </ClCompile>
    <ClCompile Include="BossStateRun.cpp">
      <Filter>PlayGround\enemy\boss</Filter>
    </ClCompile>
    <ClCompile Include="BossStateSkill01.cpp">
      <Filter>PlayGround\enemy\boss</Filter>
    </ClCompile>
    <ClCompile Include="BossStateSkill02.cpp">
      <Filter>PlayGround\enemy\boss</Filter>
    </ClCompile>
    <ClCompile Include="BossStateSkill03.cpp">
      <Filter>PlayGround\enemy\boss</Filter>
    </ClCompile>
    <ClCompile Include="statusUI.cpp">
      <Filter>PlayGround\UI\statusUI</Filter>
    </ClCompile>
    <ClCompile Include="statusSelect.cpp">
      <Filter>PlayGround\UI\statusUI</Filter>
    </ClCompile>
    <ClCompile Include="statusBox.cpp">
      <Filter>PlayGround\UI\statusUI</Filter>
    </ClCompile>
    <ClCompile Include="explainUse.cpp">
      <Filter>PlayGround\UI\statusUI</Filter>
    </ClCompile>
    <ClCompile Include="skillUI.cpp">
      <Filter>PlayGround\UI\skillUI</Filter>
    </ClCompile>
    <ClCompile Include="skillButton.cpp">
      <Filter>PlayGround\UI\skillUI</Filter>
    </ClCompile>
    <ClCompile Include="font.cpp">
      <Filter>PlayGround\UI\skillUI</Filter>
    </ClCompile>
    <ClCompile Include="skillIcon.cpp">
      <Filter>PlayGround\UI\skillUI</Filter>
    </ClCompile>
    <ClCompile Include="fireStrike.cpp">
      <Filter>PlayGround\skill</Filter>
    </ClCompile>
    <ClCompile Include="statusButton.cpp">
      <Filter>PlayGround\UI\statusUI</Filter>
    </ClCompile>
    <ClCompile Include="skillnone.cpp">
      <Filter>PlayGround\skill</Filter>
    </ClCompile>
    <ClCompile Include="playerFace.cpp">
      <Filter>PlayGround\UI</Filter>
    </ClCompile>
    <ClCompile Include="hpBar.cpp">
      <Filter>PlayGround\UI\hpBar</Filter>
    </ClCompile>
    <ClCompile Include="mpbar.cpp">
      <Filter>PlayGround\UI\hpBar</Filter>
    </ClCompile>
    <ClCompile Include="skillBox.cpp">
      <Filter>PlayGround\UI\skillUI</Filter>
    </ClCompile>
    <ClCompile Include="shokeNova.cpp">
      <Filter>PlayGround\skill</Filter>
    </ClCompile>
    <ClCompile Include="chainLightning.cpp">
      <Filter>PlayGround\skill</Filter>
    </ClCompile>
    <ClCompile Include="stoneShot.cpp">
      <Filter>PlayGround\skill</Filter>
    </ClCompile>
    <ClCompile Include="reboundingIcicles.cpp">
      <Filter>PlayGround\skill</Filter>
    </ClCompile>
    <ClCompile Include="shatteringStrike.cpp">
      <Filter>PlayGround\skill</Filter>
    </ClCompile>
    <ClCompile Include="glacialCross.cpp">
      <Filter>PlayGround\skill</Filter>
    </ClCompile>
    <ClCompile Include="stateSkillFive.cpp">
      <Filter>PlayGround\player\state\statecpp</Filter>
    </ClCompile>
    <ClCompile Include="Enemy.cpp">
      <Filter>PlayGround\enemy\enemy</Filter>
    </ClCompile>
    <ClCompile Include="relics_Select.cpp">
      <Filter>PlayGround\UI\relicsUI</Filter>
    </ClCompile>
    <ClCompile Include="relics_Home.cpp">
      <Filter>PlayGround\UI\relicsUI</Filter>
    </ClCompile>
    <ClCompile Include="relics.cpp">
      <Filter>PlayGround\UI\relicsUI</Filter>
    </ClCompile>
    <ClCompile Include="relics_Cover.cpp">
      <Filter>PlayGround\UI\relicsUI\cover</Filter>
    </ClCompile>
    <ClCompile Include="relics_Ring.cpp">
      <Filter>PlayGround\UI\relicsUI\cover</Filter>
    </ClCompile>
    <ClCompile Include="relics_Type.cpp">
      <Filter>PlayGround\UI\relicsUI\cover</Filter>
    </ClCompile>
    <ClCompile Include="EnemyStateIdle.cpp">
      <Filter>PlayGround\enemy\enemy</Filter>
    </ClCompile>
    <ClCompile Include="EnemyStateRun.cpp">
      <Filter>PlayGround\enemy\enemy</Filter>
    </ClCompile>
    <ClCompile Include="EnemyStateSkill1.cpp">
      <Filter>PlayGround\enemy\enemy</Filter>
    </ClCompile>
    <ClCompile Include="EnemyStateDeath.cpp">
      <Filter>PlayGround\enemy\enemy</Filter>
    </ClCompile>
    <ClCompile Include="gameScene.cpp">
      <Filter>PlayGround\Scene\bossStage\gameScene</Filter>
    </ClCompile>
    <ClCompile Include="opening.cpp">
      <Filter>PlayGround\Scene\intro</Filter>
    </ClCompile>
    <ClCompile Include="menu.cpp">
      <Filter>PlayGround\Scene\intro</Filter>
    </ClCompile>
    <ClCompile Include="EnemyStateDamage.cpp">
      <Filter>소스 파일</Filter>
    </ClCompile>
  </ItemGroup>
  <ItemGroup>
    <ResourceCompile Include="windowsAPI.rc">
      <Filter>리소스 파일</Filter>
    </ResourceCompile>
  </ItemGroup>
  <ItemGroup>
    <Image Include="small.ico">
      <Filter>리소스 파일</Filter>
    </Image>
    <Image Include="windowsAPI.ico">
      <Filter>리소스 파일</Filter>
    </Image>
  </ItemGroup>
</Project>